// !$*UTF8*$!
{
	archiveVersion = 1;
	classes = {
	};
	objectVersion = 46;
	objects = {

/* Begin PBXBuildFile section */
		551085521F43DA3400E7E622 /* AppDelegate.swift in Sources */ = {isa = PBXBuildFile; fileRef = 551085511F43DA3400E7E622 /* AppDelegate.swift */; };
		551085541F43DA3400E7E622 /* ViewController.swift in Sources */ = {isa = PBXBuildFile; fileRef = 551085531F43DA3400E7E622 /* ViewController.swift */; };
		551085571F43DA3500E7E622 /* Main.storyboard in Resources */ = {isa = PBXBuildFile; fileRef = 551085551F43DA3400E7E622 /* Main.storyboard */; };
		551085591F43DA3500E7E622 /* Assets.xcassets in Resources */ = {isa = PBXBuildFile; fileRef = 551085581F43DA3500E7E622 /* Assets.xcassets */; };
		5510855C1F43DA3500E7E622 /* LaunchScreen.storyboard in Resources */ = {isa = PBXBuildFile; fileRef = 5510855A1F43DA3500E7E622 /* LaunchScreen.storyboard */; };
		5510856F1F43DAB400E7E622 /* AudioKit.framework in Frameworks */ = {isa = PBXBuildFile; fileRef = 5510856E1F43DAAF00E7E622 /* AudioKit.framework */; };
		551085701F43DAB400E7E622 /* AudioKit.framework in Embed Frameworks */ = {isa = PBXBuildFile; fileRef = 5510856E1F43DAAF00E7E622 /* AudioKit.framework */; settings = {ATTRIBUTES = (CodeSignOnCopy, RemoveHeadersOnCopy, ); }; };
		551085771F43DB1D00E7E622 /* TestSequencer.m in Sources */ = {isa = PBXBuildFile; fileRef = 551085761F43DB1D00E7E622 /* TestSequencer.m */; };
/* End PBXBuildFile section */

/* Begin PBXContainerItemProxy section */
		5510856D1F43DAAF00E7E622 /* PBXContainerItemProxy */ = {
			isa = PBXContainerItemProxy;
			containerPortal = 551085691F43DAAE00E7E622 /* AudioKit For iOS.xcodeproj */;
			proxyType = 2;
			remoteGlobalIDString = C42F35001C057E03000E937C;
			remoteInfo = AudioKit;
		};
		551085711F43DAB400E7E622 /* PBXContainerItemProxy */ = {
			isa = PBXContainerItemProxy;
			containerPortal = 551085691F43DAAE00E7E622 /* AudioKit For iOS.xcodeproj */;
			proxyType = 1;
			remoteGlobalIDString = C42F34FF1C057E03000E937C;
			remoteInfo = AudioKit;
		};
/* End PBXContainerItemProxy section */

/* Begin PBXCopyFilesBuildPhase section */
		551085731F43DAB400E7E622 /* Embed Frameworks */ = {
			isa = PBXCopyFilesBuildPhase;
			buildActionMask = 2147483647;
			dstPath = "";
			dstSubfolderSpec = 10;
			files = (
				551085701F43DAB400E7E622 /* AudioKit.framework in Embed Frameworks */,
			);
			name = "Embed Frameworks";
			runOnlyForDeploymentPostprocessing = 0;
		};
/* End PBXCopyFilesBuildPhase section */

/* Begin PBXFileReference section */
		5510854E1F43DA3400E7E622 /* MidiTimingTest.app */ = {isa = PBXFileReference; explicitFileType = wrapper.application; includeInIndex = 0; path = MidiTimingTest.app; sourceTree = BUILT_PRODUCTS_DIR; };
		551085511F43DA3400E7E622 /* AppDelegate.swift */ = {isa = PBXFileReference; lastKnownFileType = sourcecode.swift; path = AppDelegate.swift; sourceTree = "<group>"; };
		551085531F43DA3400E7E622 /* ViewController.swift */ = {isa = PBXFileReference; lastKnownFileType = sourcecode.swift; path = ViewController.swift; sourceTree = "<group>"; };
		551085561F43DA3400E7E622 /* Base */ = {isa = PBXFileReference; lastKnownFileType = file.storyboard; name = Base; path = Base.lproj/Main.storyboard; sourceTree = "<group>"; };
		551085581F43DA3500E7E622 /* Assets.xcassets */ = {isa = PBXFileReference; lastKnownFileType = folder.assetcatalog; path = Assets.xcassets; sourceTree = "<group>"; };
		5510855B1F43DA3500E7E622 /* Base */ = {isa = PBXFileReference; lastKnownFileType = file.storyboard; name = Base; path = Base.lproj/LaunchScreen.storyboard; sourceTree = "<group>"; };
		5510855D1F43DA3500E7E622 /* Info.plist */ = {isa = PBXFileReference; lastKnownFileType = text.plist.xml; path = Info.plist; sourceTree = "<group>"; };
		551085691F43DAAE00E7E622 /* AudioKit For iOS.xcodeproj */ = {isa = PBXFileReference; lastKnownFileType = "wrapper.pb-project"; name = "AudioKit For iOS.xcodeproj"; path = "../AudioKit/AudioKit/iOS/AudioKit For iOS.xcodeproj"; sourceTree = "<group>"; };
		551085741F43DB1D00E7E622 /* MidiTimingTest-Bridging-Header.h */ = {isa = PBXFileReference; lastKnownFileType = sourcecode.c.h; path = "MidiTimingTest-Bridging-Header.h"; sourceTree = "<group>"; };
		551085751F43DB1D00E7E622 /* TestSequencer.h */ = {isa = PBXFileReference; fileEncoding = 4; lastKnownFileType = sourcecode.c.h; path = TestSequencer.h; sourceTree = "<group>"; };
		551085761F43DB1D00E7E622 /* TestSequencer.m */ = {isa = PBXFileReference; fileEncoding = 4; lastKnownFileType = sourcecode.c.objc; path = TestSequencer.m; sourceTree = "<group>"; };
/* End PBXFileReference section */

/* Begin PBXFrameworksBuildPhase section */
		5510854B1F43DA3400E7E622 /* Frameworks */ = {
			isa = PBXFrameworksBuildPhase;
			buildActionMask = 2147483647;
			files = (
				5510856F1F43DAB400E7E622 /* AudioKit.framework in Frameworks */,
			);
			runOnlyForDeploymentPostprocessing = 0;
		};
/* End PBXFrameworksBuildPhase section */

/* Begin PBXGroup section */
		551085451F43DA3400E7E622 = {
			isa = PBXGroup;
			children = (
				551085501F43DA3400E7E622 /* MidiTimingTest */,
				5510854F1F43DA3400E7E622 /* Products */,
				551085691F43DAAE00E7E622 /* AudioKit For iOS.xcodeproj */,
			);
			sourceTree = "<group>";
		};
		5510854F1F43DA3400E7E622 /* Products */ = {
			isa = PBXGroup;
			children = (
				5510854E1F43DA3400E7E622 /* MidiTimingTest.app */,
			);
			name = Products;
			sourceTree = "<group>";
		};
		551085501F43DA3400E7E622 /* MidiTimingTest */ = {
			isa = PBXGroup;
			children = (
				551085511F43DA3400E7E622 /* AppDelegate.swift */,
				551085531F43DA3400E7E622 /* ViewController.swift */,
				551085751F43DB1D00E7E622 /* TestSequencer.h */,
				551085761F43DB1D00E7E622 /* TestSequencer.m */,
				551085551F43DA3400E7E622 /* Main.storyboard */,
				551085581F43DA3500E7E622 /* Assets.xcassets */,
				5510855A1F43DA3500E7E622 /* LaunchScreen.storyboard */,
				5510855D1F43DA3500E7E622 /* Info.plist */,
				551085741F43DB1D00E7E622 /* MidiTimingTest-Bridging-Header.h */,
			);
			path = MidiTimingTest;
			sourceTree = "<group>";
		};
		5510856A1F43DAAE00E7E622 /* Products */ = {
			isa = PBXGroup;
			children = (
				5510856E1F43DAAF00E7E622 /* AudioKit.framework */,
			);
			name = Products;
			sourceTree = "<group>";
		};
/* End PBXGroup section */

/* Begin PBXNativeTarget section */
		5510854D1F43DA3400E7E622 /* MidiTimingTest */ = {
			isa = PBXNativeTarget;
			buildConfigurationList = 551085601F43DA3500E7E622 /* Build configuration list for PBXNativeTarget "MidiTimingTest" */;
			buildPhases = (
				5510854A1F43DA3400E7E622 /* Sources */,
				5510854B1F43DA3400E7E622 /* Frameworks */,
				5510854C1F43DA3400E7E622 /* Resources */,
				551085731F43DAB400E7E622 /* Embed Frameworks */,
			);
			buildRules = (
			);
			dependencies = (
				551085721F43DAB400E7E622 /* PBXTargetDependency */,
			);
			name = MidiTimingTest;
			productName = MidiTimingTest;
			productReference = 5510854E1F43DA3400E7E622 /* MidiTimingTest.app */;
			productType = "com.apple.product-type.application";
		};
/* End PBXNativeTarget section */

/* Begin PBXProject section */
		551085461F43DA3400E7E622 /* Project object */ = {
			isa = PBXProject;
			attributes = {
				LastSwiftUpdateCheck = 0830;
				LastUpgradeCheck = 0830;
				ORGANIZATIONNAME = "O'Neill";
				TargetAttributes = {
					5510854D1F43DA3400E7E622 = {
						CreatedOnToolsVersion = 8.3.3;
						DevelopmentTeam = PM27ULWQ66;
						LastSwiftMigration = 0830;
						ProvisioningStyle = Automatic;
					};
				};
			};
			buildConfigurationList = 551085491F43DA3400E7E622 /* Build configuration list for PBXProject "MidiTimingTest" */;
			compatibilityVersion = "Xcode 3.2";
			developmentRegion = English;
			hasScannedForEncodings = 0;
			knownRegions = (
				en,
				Base,
			);
			mainGroup = 551085451F43DA3400E7E622;
			productRefGroup = 5510854F1F43DA3400E7E622 /* Products */;
			projectDirPath = "";
			projectReferences = (
				{
					ProductGroup = 5510856A1F43DAAE00E7E622 /* Products */;
					ProjectRef = 551085691F43DAAE00E7E622 /* AudioKit For iOS.xcodeproj */;
				},
			);
			projectRoot = "";
			targets = (
				5510854D1F43DA3400E7E622 /* MidiTimingTest */,
			);
		};
/* End PBXProject section */

/* Begin PBXReferenceProxy section */
		5510856E1F43DAAF00E7E622 /* AudioKit.framework */ = {
			isa = PBXReferenceProxy;
			fileType = wrapper.framework;
			path = AudioKit.framework;
			remoteRef = 5510856D1F43DAAF00E7E622 /* PBXContainerItemProxy */;
			sourceTree = BUILT_PRODUCTS_DIR;
		};
/* End PBXReferenceProxy section */

/* Begin PBXResourcesBuildPhase section */
		5510854C1F43DA3400E7E622 /* Resources */ = {
			isa = PBXResourcesBuildPhase;
			buildActionMask = 2147483647;
			files = (
				5510855C1F43DA3500E7E622 /* LaunchScreen.storyboard in Resources */,
				551085591F43DA3500E7E622 /* Assets.xcassets in Resources */,
				551085571F43DA3500E7E622 /* Main.storyboard in Resources */,
			);
			runOnlyForDeploymentPostprocessing = 0;
		};
/* End PBXResourcesBuildPhase section */

/* Begin PBXSourcesBuildPhase section */
		5510854A1F43DA3400E7E622 /* Sources */ = {
			isa = PBXSourcesBuildPhase;
			buildActionMask = 2147483647;
			files = (
				551085541F43DA3400E7E622 /* ViewController.swift in Sources */,
				551085771F43DB1D00E7E622 /* TestSequencer.m in Sources */,
				551085521F43DA3400E7E622 /* AppDelegate.swift in Sources */,
			);
			runOnlyForDeploymentPostprocessing = 0;
		};
/* End PBXSourcesBuildPhase section */

/* Begin PBXTargetDependency section */
		551085721F43DAB400E7E622 /* PBXTargetDependency */ = {
			isa = PBXTargetDependency;
			name = AudioKit;
			targetProxy = 551085711F43DAB400E7E622 /* PBXContainerItemProxy */;
		};
/* End PBXTargetDependency section */

/* Begin PBXVariantGroup section */
		551085551F43DA3400E7E622 /* Main.storyboard */ = {
			isa = PBXVariantGroup;
			children = (
				551085561F43DA3400E7E622 /* Base */,
			);
			name = Main.storyboard;
			sourceTree = "<group>";
		};
		5510855A1F43DA3500E7E622 /* LaunchScreen.storyboard */ = {
			isa = PBXVariantGroup;
			children = (
				5510855B1F43DA3500E7E622 /* Base */,
			);
			name = LaunchScreen.storyboard;
			sourceTree = "<group>";
		};
/* End PBXVariantGroup section */

/* Begin XCBuildConfiguration section */
		5510855E1F43DA3500E7E622 /* Debug */ = {
			isa = XCBuildConfiguration;
			buildSettings = {
				ALWAYS_SEARCH_USER_PATHS = NO;
				CLANG_ANALYZER_NONNULL = YES;
				CLANG_ANALYZER_NUMBER_OBJECT_CONVERSION = YES_AGGRESSIVE;
				CLANG_CXX_LANGUAGE_STANDARD = "gnu++0x";
				CLANG_CXX_LIBRARY = "libc++";
				CLANG_ENABLE_MODULES = YES;
				CLANG_ENABLE_OBJC_ARC = YES;
				CLANG_WARN_BOOL_CONVERSION = YES;
				CLANG_WARN_CONSTANT_CONVERSION = YES;
				CLANG_WARN_DIRECT_OBJC_ISA_USAGE = YES_ERROR;
				CLANG_WARN_DOCUMENTATION_COMMENTS = YES;
				CLANG_WARN_EMPTY_BODY = YES;
				CLANG_WARN_ENUM_CONVERSION = YES;
				CLANG_WARN_INFINITE_RECURSION = YES;
				CLANG_WARN_INT_CONVERSION = YES;
				CLANG_WARN_OBJC_ROOT_CLASS = YES_ERROR;
				CLANG_WARN_SUSPICIOUS_MOVE = YES;
				CLANG_WARN_UNREACHABLE_CODE = YES;
				CLANG_WARN__DUPLICATE_METHOD_MATCH = YES;
				"CODE_SIGN_IDENTITY[sdk=iphoneos*]" = "iPhone Developer";
				COPY_PHASE_STRIP = NO;
				DEBUG_INFORMATION_FORMAT = dwarf;
				ENABLE_STRICT_OBJC_MSGSEND = YES;
				ENABLE_TESTABILITY = YES;
				GCC_C_LANGUAGE_STANDARD = gnu99;
				GCC_DYNAMIC_NO_PIC = NO;
				GCC_NO_COMMON_BLOCKS = YES;
				GCC_OPTIMIZATION_LEVEL = 0;
				GCC_PREPROCESSOR_DEFINITIONS = (
					"DEBUG=1",
					"$(inherited)",
				);
				GCC_WARN_64_TO_32_BIT_CONVERSION = YES;
				GCC_WARN_ABOUT_RETURN_TYPE = YES_ERROR;
				GCC_WARN_UNDECLARED_SELECTOR = YES;
				GCC_WARN_UNINITIALIZED_AUTOS = YES_AGGRESSIVE;
				GCC_WARN_UNUSED_FUNCTION = YES;
				GCC_WARN_UNUSED_VARIABLE = YES;
				IPHONEOS_DEPLOYMENT_TARGET = 10.3;
				MTL_ENABLE_DEBUG_INFO = YES;
				ONLY_ACTIVE_ARCH = YES;
				SDKROOT = iphoneos;
				SWIFT_ACTIVE_COMPILATION_CONDITIONS = DEBUG;
				SWIFT_OPTIMIZATION_LEVEL = "-Onone";
				TARGETED_DEVICE_FAMILY = "1,2";
			};
			name = Debug;
		};
		5510855F1F43DA3500E7E622 /* Release */ = {
			isa = XCBuildConfiguration;
			buildSettings = {
				ALWAYS_SEARCH_USER_PATHS = NO;
				CLANG_ANALYZER_NONNULL = YES;
				CLANG_ANALYZER_NUMBER_OBJECT_CONVERSION = YES_AGGRESSIVE;
				CLANG_CXX_LANGUAGE_STANDARD = "gnu++0x";
				CLANG_CXX_LIBRARY = "libc++";
				CLANG_ENABLE_MODULES = YES;
				CLANG_ENABLE_OBJC_ARC = YES;
				CLANG_WARN_BOOL_CONVERSION = YES;
				CLANG_WARN_CONSTANT_CONVERSION = YES;
				CLANG_WARN_DIRECT_OBJC_ISA_USAGE = YES_ERROR;
				CLANG_WARN_DOCUMENTATION_COMMENTS = YES;
				CLANG_WARN_EMPTY_BODY = YES;
				CLANG_WARN_ENUM_CONVERSION = YES;
				CLANG_WARN_INFINITE_RECURSION = YES;
				CLANG_WARN_INT_CONVERSION = YES;
				CLANG_WARN_OBJC_ROOT_CLASS = YES_ERROR;
				CLANG_WARN_SUSPICIOUS_MOVE = YES;
				CLANG_WARN_UNREACHABLE_CODE = YES;
				CLANG_WARN__DUPLICATE_METHOD_MATCH = YES;
				"CODE_SIGN_IDENTITY[sdk=iphoneos*]" = "iPhone Developer";
				COPY_PHASE_STRIP = NO;
				DEBUG_INFORMATION_FORMAT = "dwarf-with-dsym";
				ENABLE_NS_ASSERTIONS = NO;
				ENABLE_STRICT_OBJC_MSGSEND = YES;
				GCC_C_LANGUAGE_STANDARD = gnu99;
				GCC_NO_COMMON_BLOCKS = YES;
				GCC_WARN_64_TO_32_BIT_CONVERSION = YES;
				GCC_WARN_ABOUT_RETURN_TYPE = YES_ERROR;
				GCC_WARN_UNDECLARED_SELECTOR = YES;
				GCC_WARN_UNINITIALIZED_AUTOS = YES_AGGRESSIVE;
				GCC_WARN_UNUSED_FUNCTION = YES;
				GCC_WARN_UNUSED_VARIABLE = YES;
				IPHONEOS_DEPLOYMENT_TARGET = 10.3;
				MTL_ENABLE_DEBUG_INFO = NO;
				SDKROOT = iphoneos;
				SWIFT_OPTIMIZATION_LEVEL = "-Owholemodule";
				TARGETED_DEVICE_FAMILY = "1,2";
				VALIDATE_PRODUCT = YES;
			};
			name = Release;
		};
		551085611F43DA3500E7E622 /* Debug */ = {
			isa = XCBuildConfiguration;
			buildSettings = {
				ALWAYS_EMBED_SWIFT_STANDARD_LIBRARIES = YES;
				ASSETCATALOG_COMPILER_APPICON_NAME = AppIcon;
				CLANG_ENABLE_MODULES = YES;
				DEVELOPMENT_TEAM = PM27ULWQ66;
				INFOPLIST_FILE = MidiTimingTest/Info.plist;
				LD_RUNPATH_SEARCH_PATHS = "$(inherited) @executable_path/Frameworks";
				PRODUCT_BUNDLE_IDENTIFIER = com.oneill.MidiTimingTest;
				PRODUCT_NAME = "$(TARGET_NAME)";
				SWIFT_OBJC_BRIDGING_HEADER = "MidiTimingTest/MidiTimingTest-Bridging-Header.h";
				SWIFT_OPTIMIZATION_LEVEL = "-Onone";
				SWIFT_VERSION = 3.0;
			};
			name = Debug;
		};
		551085621F43DA3500E7E622 /* Release */ = {
			isa = XCBuildConfiguration;
			buildSettings = {
				ALWAYS_EMBED_SWIFT_STANDARD_LIBRARIES = YES;
				ASSETCATALOG_COMPILER_APPICON_NAME = AppIcon;
				CLANG_ENABLE_MODULES = YES;
				DEVELOPMENT_TEAM = PM27ULWQ66;
				INFOPLIST_FILE = MidiTimingTest/Info.plist;
				LD_RUNPATH_SEARCH_PATHS = "$(inherited) @executable_path/Frameworks";
				PRODUCT_BUNDLE_IDENTIFIER = com.oneill.MidiTimingTest;
				PRODUCT_NAME = "$(TARGET_NAME)";
				SWIFT_OBJC_BRIDGING_HEADER = "MidiTimingTest/MidiTimingTest-Bridging-Header.h";
				SWIFT_VERSION = 3.0;
			};
			name = Release;
		};
/* End XCBuildConfiguration section */

/* Begin XCConfigurationList section */
		551085491F43DA3400E7E622 /* Build configuration list for PBXProject "MidiTimingTest" */ = {
			isa = XCConfigurationList;
			buildConfigurations = (
				5510855E1F43DA3500E7E622 /* Debug */,
				5510855F1F43DA3500E7E622 /* Release */,
			);
			defaultConfigurationIsVisible = 0;
			defaultConfigurationName = Release;
		};
		551085601F43DA3500E7E622 /* Build configuration list for PBXNativeTarget "MidiTimingTest" */ = {
			isa = XCConfigurationList;
			buildConfigurations = (
				551085611F43DA3500E7E622 /* Debug */,
				551085621F43DA3500E7E622 /* Release */,
			);
			defaultConfigurationIsVisible = 0;
		};
/* End XCConfigurationList section */
	};
	rootObject = 551085461F43DA3400E7E622 /* Project object */;
}
